
Microsoft Visual Studio Solution File, Format Version 12.00
# Visual Studio Version 16
VisualStudioVersion = 16.0.31624.102
MinimumVisualStudioVersion = 10.0.40219.1
Project("{FAE04EC0-301F-11D3-BF4B-00C04F79EFBC}") = "LoanCalculatorSystem.Web", "LoanCalculatorSystem.Web\LoanCalculatorSystem.Web.csproj", "{E64E682B-72A2-42B6-B915-E9470220449D}"
EndProject
Project("{FAE04EC0-301F-11D3-BF4B-00C04F79EFBC}") = "LoanCalculatorSystem.Core", "LoanCalculatorSystem.Core\LoanCalculatorSystem.Core.csproj", "{798157F0-F5C4-475F-BA50-D5FCF17A5AB2}"
EndProject
Project("{FAE04EC0-301F-11D3-BF4B-00C04F79EFBC}") = "LoanCalculatorSystem.Data", "LoanCalculatorSystem.Data\LoanCalculatorSystem.Data.csproj", "{F92449A7-A87B-4F98-9066-2D6067C4DF81}"
EndProject
Project("{FAE04EC0-301F-11D3-BF4B-00C04F79EFBC}") = "LoanCalculatorSystem.Service", "LoanCalculatorSystem.Service\LoanCalculatorSystem.Service.csproj", "{E5EB2BD6-1E59-43FE-B431-189D5394DD35}"
EndProject
Global
	GlobalSection(SolutionConfigurationPlatforms) = preSolution
		Debug|Any CPU = Debug|Any CPU
		Release|Any CPU = Release|Any CPU
	EndGlobalSection
	GlobalSection(ProjectConfigurationPlatforms) = postSolution
		{E64E682B-72A2-42B6-B915-E9470220449D}.Debug|Any CPU.ActiveCfg = Debug|Any CPU
		{E64E682B-72A2-42B6-B915-E9470220449D}.Debug|Any CPU.Build.0 = Debug|Any CPU
		{E64E682B-72A2-42B6-B915-E9470220449D}.Release|Any CPU.ActiveCfg = Release|Any CPU
		{E64E682B-72A2-42B6-B915-E9470220449D}.Release|Any CPU.Build.0 = Release|Any CPU
		{798157F0-F5C4-475F-BA50-D5FCF17A5AB2}.Debug|Any CPU.ActiveCfg = Debug|Any CPU
		{798157F0-F5C4-475F-BA50-D5FCF17A5AB2}.Debug|Any CPU.Build.0 = Debug|Any CPU
		{798157F0-F5C4-475F-BA50-D5FCF17A5AB2}.Release|Any CPU.ActiveCfg = Release|Any CPU
		{798157F0-F5C4-475F-BA50-D5FCF17A5AB2}.Release|Any CPU.Build.0 = Release|Any CPU
		{F92449A7-A87B-4F98-9066-2D6067C4DF81}.Debug|Any CPU.ActiveCfg = Debug|Any CPU
		{F92449A7-A87B-4F98-9066-2D6067C4DF81}.Debug|Any CPU.Build.0 = Debug|Any CPU
		{F92449A7-A87B-4F98-9066-2D6067C4DF81}.Release|Any CPU.ActiveCfg = Release|Any CPU
		{F92449A7-A87B-4F98-9066-2D6067C4DF81}.Release|Any CPU.Build.0 = Release|Any CPU
		{E5EB2BD6-1E59-43FE-B431-189D5394DD35}.Debug|Any CPU.ActiveCfg = Debug|Any CPU
		{E5EB2BD6-1E59-43FE-B431-189D5394DD35}.Debug|Any CPU.Build.0 = Debug|Any CPU
		{E5EB2BD6-1E59-43FE-B431-189D5394DD35}.Release|Any CPU.ActiveCfg = Release|Any CPU
		{E5EB2BD6-1E59-43FE-B431-189D5394DD35}.Release|Any CPU.Build.0 = Release|Any CPU
	EndGlobalSection
	GlobalSection(SolutionProperties) = preSolution
		HideSolutionNode = FALSE
	EndGlobalSection
	GlobalSection(ExtensibilityGlobals) = postSolution
		SolutionGuid = {B3211499-D0B8-47D5-B1FF-7C6FE20E384D}
	EndGlobalSection
EndGlobal
